{
  "nodes": {
    "devenv": {
      "locked": {
        "dir": "src/modules",
        "lastModified": 1775147763,
        "owner": "cachix",
        "repo": "devenv",
        "rev": "ad4d771adec17a35c347f0eef2419de642db3db4",
        "type": "github"
      },
      "original": {
        "dir": "src/modules",
        "owner": "cachix",
        "repo": "devenv",
        "type": "github"
      }
    },
    "flake-compat": {
      "flake": false,
      "locked": {
        "lastModified": 1767039857,
        "owner": "NixOS",
        "repo": "flake-compat",
        "rev": "5edf11c44bc78a0d334f6334cdaf7d60d732daab",
        "type": "github"
      },
      "original": {
        "owner": "NixOS",
        "repo": "flake-compat",
        "type": "github"
      }
    },
    "git-hooks": {
      "inputs": {
        "flake-compat": "flake-compat",
        "gitignore": "gitignore",
        "nixpkgs": [
          "nixpkgs"
        ]
      },
      "locked": {
        "lastModified": 1775036584,
        "owner": "cachix",
        "repo": "git-hooks.nix",
        "rev": "4e0eb042b67d863b1b34b3f64d52ceb9cd926735",
        "type": "github"
      },
      "original": {
        "owner": "cachix",
        "repo": "git-hooks.nix",
        "type": "github"
      }
    },
    "gitignore": {
      "inputs": {
        "nixpkgs": [
          "git-hooks",
          "nixpkgs"
        ]
      },
      "locked": {
        "lastModified": 1762808025,
        "owner": "hercules-ci",
        "repo": "gitignore.nix",
        "rev": "cb5e3fdca1de58ccbc3ef53de65bd372b48f567c",
        "type": "github"
      },
      "original": {
        "owner": "hercules-ci",
        "repo": "gitignore.nix",
        "type": "github"
      }
    },
    "nixpkgs": {
      "inputs": {
        "nixpkgs-src": "nixpkgs-src"
      },
      "locked": {
        "lastModified": 1774287239,
        "owner": "cachix",
        "repo": "devenv-nixpkgs",
        "rev": "fa7125ea7f1ae5430010a6e071f68375a39bd24c",
        "type": "github"
      },
      "original": {
        "owner": "cachix",
        "ref": "rolling",
        "repo": "devenv-nixpkgs",
        "type": "github"
      }
    },
    "nixpkgs-27-1": {
      "locked": {
        "lastModified": 1617325113,
        "owner": "NixOS",
        "repo": "nixpkgs",
        "rev": "54c1e44240d8a527a8f4892608c4bce5440c3ecb",
        "type": "github"
      },
      "original": {
        "owner": "NixOS",
        "repo": "nixpkgs",
        "rev": "54c1e44240d8a527a8f4892608c4bce5440c3ecb",
        "type": "github"
      }
    },
    "nixpkgs-27-2": {
      "locked": {
        "lastModified": 1649843365,
        "owner": "NixOS",
        "repo": "nixpkgs",
        "rev": "0343e3415784b2cd9c68924294794f7dbee12ab3",
        "type": "github"
      },
      "original": {
        "owner": "NixOS",
        "repo": "nixpkgs",
        "rev": "0343e3415784b2cd9c68924294794f7dbee12ab3",
        "type": "github"
      }
    },
    "nixpkgs-28-1": {
      "locked": {
        "lastModified": 1663025041,
        "owner": "NixOS",
        "repo": "nixpkgs",
        "rev": "994df04c3c700fe9edb1b69b82ba3c627e5e04ff",
        "type": "github"
      },
      "original": {
        "owner": "NixOS",
        "repo": "nixpkgs",
        "rev": "994df04c3c700fe9edb1b69b82ba3c627e5e04ff",
        "type": "github"
      }
    },
    "nixpkgs-28-2": {
      "locked": {
        "lastModified": 1701693815,
        "owner": "NixOS",
        "repo": "nixpkgs",
        "rev": "09ec6a0881e1a36c29d67497693a67a16f4da573",
        "type": "github"
      },
      "original": {
        "owner": "NixOS",
        "repo": "nixpkgs",
        "rev": "09ec6a0881e1a36c29d67497693a67a16f4da573",
        "type": "github"
      }
    },
    "nixpkgs-29-1": {
      "locked": {
        "lastModified": 1706367331,
        "owner": "NixOS",
        "repo": "nixpkgs",
        "rev": "160b762eda6d139ac10ae081f8f78d640dd523eb",
        "type": "github"
      },
      "original": {
        "owner": "NixOS",
        "repo": "nixpkgs",
        "rev": "160b762eda6d139ac10ae081f8f78d640dd523eb",
        "type": "github"
      }
    },
    "nixpkgs-29-2": {
      "locked": {
        "lastModified": 1711200738,
        "owner": "NixOS",
        "repo": "nixpkgs",
        "rev": "20bc93ca7b2158ebc99b8cef987a2173a81cde35",
        "type": "github"
      },
      "original": {
        "owner": "NixOS",
        "repo": "nixpkgs",
        "rev": "20bc93ca7b2158ebc99b8cef987a2173a81cde35",
        "type": "github"
      }
    },
    "nixpkgs-29-3": {
      "locked": {
        "lastModified": 1720087678,
        "owner": "NixOS",
        "repo": "nixpkgs",
        "rev": "1afc5440469f94e7ed26e8648820971b102afdc3",
        "type": "github"
      },
      "original": {
        "owner": "NixOS",
        "repo": "nixpkgs",
        "rev": "1afc5440469f94e7ed26e8648820971b102afdc3",
        "type": "github"
      }
    },
    "nixpkgs-29-4": {
      "locked": {
        "lastModified": 1740916017,
        "owner": "NixOS",
        "repo": "nixpkgs",
        "rev": "b58e19b11fe72175fd7a9e014a4786a91e99da5f",
        "type": "github"
      },
      "original": {
        "owner": "NixOS",
        "repo": "nixpkgs",
        "rev": "b58e19b11fe72175fd7a9e014a4786a91e99da5f",
        "type": "github"
      }
    },
    "nixpkgs-30-1": {
      "locked": {
        "lastModified": 1754248685,
        "owner": "NixOS",
        "repo": "nixpkgs",
        "rev": "bf9fa86a9b1005d932f842edf2c38eeecc98eef3",
        "type": "github"
      },
      "original": {
        "owner": "NixOS",
        "repo": "nixpkgs",
        "rev": "bf9fa86a9b1005d932f842edf2c38eeecc98eef3",
        "type": "github"
      }
    },
    "nixpkgs-src": {
      "flake": false,
      "locked": {
        "lastModified": 1769922788,
        "narHash": "sha256-H3AfG4ObMDTkTJYkd8cz1/RbY9LatN5Mk4UF48VuSXc=",
        "owner": "NixOS",
        "repo": "nixpkgs",
        "rev": "207d15f1a6603226e1e223dc79ac29c7846da32e",
        "type": "github"
      },
      "original": {
        "owner": "NixOS",
        "ref": "nixpkgs-unstable",
        "repo": "nixpkgs",
        "type": "github"
      }
    },
    "root": {
      "inputs": {
        "devenv": "devenv",
        "git-hooks": "git-hooks",
        "nixpkgs": "nixpkgs",
        "nixpkgs-27-1": "nixpkgs-27-1",
        "nixpkgs-27-2": "nixpkgs-27-2",
        "nixpkgs-28-1": "nixpkgs-28-1",
        "nixpkgs-28-2": "nixpkgs-28-2",
        "nixpkgs-29-1": "nixpkgs-29-1",
        "nixpkgs-29-2": "nixpkgs-29-2",
        "nixpkgs-29-3": "nixpkgs-29-3",
        "nixpkgs-29-4": "nixpkgs-29-4",
        "nixpkgs-30-1": "nixpkgs-30-1",
        "pre-commit-hooks": [
          "git-hooks"
        ]
      }
    }
  },
  "root": "root",
  "version": 7
}
